
Microsoft Visual Studio Solution File, Format Version 12.00
# Visual Studio Version 16
VisualStudioVersion = 16.0.31702.278
MinimumVisualStudioVersion = 10.0.40219.1
Project("{FAE04EC0-301F-11D3-BF4B-00C04F79EFBC}") = "tik-tak-toe", "tik-tak-toe\tik-tak-toe.csproj", "{501B7FF0-C662-47BA-83F7-4B2A6F8946CF}"
EndProject
Global
	GlobalSection(SolutionConfigurationPlatforms) = preSolution
		Debug|Any CPU = Debug|Any CPU
		Release|Any CPU = Release|Any CPU
	EndGlobalSection
	GlobalSection(ProjectConfigurationPlatforms) = postSolution
		{501B7FF0-C662-47BA-83F7-4B2A6F8946CF}.Debug|Any CPU.ActiveCfg = Debug|Any CPU
		{501B7FF0-C662-47BA-83F7-4B2A6F8946CF}.Debug|Any CPU.Build.0 = Debug|Any CPU
		{501B7FF0-C662-47BA-83F7-4B2A6F8946CF}.Release|Any CPU.ActiveCfg = Release|Any CPU
		{501B7FF0-C662-47BA-83F7-4B2A6F8946CF}.Release|Any CPU.Build.0 = Release|Any CPU
	EndGlobalSection
	GlobalSection(SolutionProperties) = preSolution
		HideSolutionNode = FALSE
	EndGlobalSection
	GlobalSection(ExtensibilityGlobals) = postSolution
		SolutionGuid = {4E765FF7-2FB2-4958-B5F1-C39EB9917406}
	EndGlobalSection
EndGlobal
